
Microsoft Visual Studio Solution File, Format Version 11.00
# Visual Studio 2010
Project("{FAE04EC0-301F-11D3-BF4B-00C04F79EFBC}") = "DeterminePrimeNumber", "DeterminePrimeNumber\DeterminePrimeNumber.csproj", "{9A521B65-3E85-4E2C-9AF3-3FF6EBDAC798}"
EndProject
Project("{FAE04EC0-301F-11D3-BF4B-00C04F79EFBC}") = "ReverseString", "ReverseString\ReverseString.csproj", "{D797141D-012E-4494-A016-9FF2E0E51DEB}"
EndProject
Project("{FAE04EC0-301F-11D3-BF4B-00C04F79EFBC}") = "FizzBuzz", "FizzBuzz\FizzBuzz.csproj", "{02B41AA9-20D8-4168-B4D8-CCBEC3A5755D}"
EndProject
Global
	GlobalSection(SolutionConfigurationPlatforms) = preSolution
		Debug|x86 = Debug|x86
		Release|x86 = Release|x86
	EndGlobalSection
	GlobalSection(ProjectConfigurationPlatforms) = postSolution
		{9A521B65-3E85-4E2C-9AF3-3FF6EBDAC798}.Debug|x86.ActiveCfg = Debug|x86
		{9A521B65-3E85-4E2C-9AF3-3FF6EBDAC798}.Debug|x86.Build.0 = Debug|x86
		{9A521B65-3E85-4E2C-9AF3-3FF6EBDAC798}.Release|x86.ActiveCfg = Release|x86
		{9A521B65-3E85-4E2C-9AF3-3FF6EBDAC798}.Release|x86.Build.0 = Release|x86
		{D797141D-012E-4494-A016-9FF2E0E51DEB}.Debug|x86.ActiveCfg = Debug|x86
		{D797141D-012E-4494-A016-9FF2E0E51DEB}.Debug|x86.Build.0 = Debug|x86
		{D797141D-012E-4494-A016-9FF2E0E51DEB}.Release|x86.ActiveCfg = Release|x86
		{D797141D-012E-4494-A016-9FF2E0E51DEB}.Release|x86.Build.0 = Release|x86
		{02B41AA9-20D8-4168-B4D8-CCBEC3A5755D}.Debug|x86.ActiveCfg = Debug|x86
		{02B41AA9-20D8-4168-B4D8-CCBEC3A5755D}.Debug|x86.Build.0 = Debug|x86
		{02B41AA9-20D8-4168-B4D8-CCBEC3A5755D}.Release|x86.ActiveCfg = Release|x86
		{02B41AA9-20D8-4168-B4D8-CCBEC3A5755D}.Release|x86.Build.0 = Release|x86
	EndGlobalSection
	GlobalSection(SolutionProperties) = preSolution
		HideSolutionNode = FALSE
	EndGlobalSection
EndGlobal
